// !$*UTF8*$!
{
	archiveVersion = 1;
	classes = {
	};
	objectVersion = 48;
	objects = {

/* Begin PBXBuildFile section */
		A9E1D2881FC306A1006F6D7F /* AppDelegate.swift in Sources */ = {isa = PBXBuildFile; fileRef = A9E1D2871FC306A1006F6D7F /* AppDelegate.swift */; };
		A9E1D28A1FC306A1006F6D7F /* ViewController.swift in Sources */ = {isa = PBXBuildFile; fileRef = A9E1D2891FC306A1006F6D7F /* ViewController.swift */; };
		A9E1D28D1FC306A1006F6D7F /* Main.storyboard in Resources */ = {isa = PBXBuildFile; fileRef = A9E1D28B1FC306A1006F6D7F /* Main.storyboard */; };
		A9E1D28F1FC306A1006F6D7F /* Assets.xcassets in Resources */ = {isa = PBXBuildFile; fileRef = A9E1D28E1FC306A1006F6D7F /* Assets.xcassets */; };
		A9E1D2921FC306A1006F6D7F /* LaunchScreen.storyboard in Resources */ = {isa = PBXBuildFile; fileRef = A9E1D2901FC306A1006F6D7F /* LaunchScreen.storyboard */; };
/* End PBXBuildFile section */

/* Begin PBXFileReference section */
		A9E1D2841FC306A1006F6D7F /* HorizontallyAlignedViews.app */ = {isa = PBXFileReference; explicitFileType = wrapper.application; includeInIndex = 0; path = HorizontallyAlignedViews.app; sourceTree = BUILT_PRODUCTS_DIR; };
		A9E1D2871FC306A1006F6D7F /* AppDelegate.swift */ = {isa = PBXFileReference; lastKnownFileType = sourcecode.swift; path = AppDelegate.swift; sourceTree = "<group>"; };
		A9E1D2891FC306A1006F6D7F /* ViewController.swift */ = {isa = PBXFileReference; lastKnownFileType = sourcecode.swift; path = ViewController.swift; sourceTree = "<group>"; };
		A9E1D28C1FC306A1006F6D7F /* Base */ = {isa = PBXFileReference; lastKnownFileType = file.storyboard; name = Base; path = Base.lproj/Main.storyboard; sourceTree = "<group>"; };
		A9E1D28E1FC306A1006F6D7F /* Assets.xcassets */ = {isa = PBXFileReference; lastKnownFileType = folder.assetcatalog; path = Assets.xcassets; sourceTree = "<group>"; };
		A9E1D2911FC306A1006F6D7F /* Base */ = {isa = PBXFileReference; lastKnownFileType = file.storyboard; name = Base; path = Base.lproj/LaunchScreen.storyboard; sourceTree = "<group>"; };
		A9E1D2931FC306A1006F6D7F /* Info.plist */ = {isa = PBXFileReference; lastKnownFileType = text.plist.xml; path = Info.plist; sourceTree = "<group>"; };
/* End PBXFileReference section */

/* Begin PBXFrameworksBuildPhase section */
		A9E1D2811FC306A1006F6D7F /* Frameworks */ = {
			isa = PBXFrameworksBuildPhase;
			buildActionMask = 2147483647;
			files = (
			);
			runOnlyForDeploymentPostprocessing = 0;
		};
/* End PBXFrameworksBuildPhase section */

/* Begin PBXGroup section */
		A9E1D27B1FC306A1006F6D7F = {
			isa = PBXGroup;
			children = (
				A9E1D2861FC306A1006F6D7F /* HorizontallyAlignedViews */,
				A9E1D2851FC306A1006F6D7F /* Products */,
			);
			sourceTree = "<group>";
		};
		A9E1D2851FC306A1006F6D7F /* Products */ = {
			isa = PBXGroup;
			children = (
				A9E1D2841FC306A1006F6D7F /* HorizontallyAlignedViews.app */,
			);
			name = Products;
			sourceTree = "<group>";
		};
		A9E1D2861FC306A1006F6D7F /* HorizontallyAlignedViews */ = {
			isa = PBXGroup;
			children = (
				A9E1D2871FC306A1006F6D7F /* AppDelegate.swift */,
				A9E1D2891FC306A1006F6D7F /* ViewController.swift */,
				A9E1D28B1FC306A1006F6D7F /* Main.storyboard */,
				A9E1D28E1FC306A1006F6D7F /* Assets.xcassets */,
				A9E1D2901FC306A1006F6D7F /* LaunchScreen.storyboard */,
				A9E1D2931FC306A1006F6D7F /* Info.plist */,
			);
			path = HorizontallyAlignedViews;
			sourceTree = "<group>";
		};
/* End PBXGroup section */

/* Begin PBXNativeTarget section */
		A9E1D2831FC306A1006F6D7F /* HorizontallyAlignedViews */ = {
			isa = PBXNativeTarget;
			buildConfigurationList = A9E1D2961FC306A1006F6D7F /* Build configuration list for PBXNativeTarget "HorizontallyAlignedViews" */;
			buildPhases = (
				A9E1D2801FC306A1006F6D7F /* Sources */,
				A9E1D2811FC306A1006F6D7F /* Frameworks */,
				A9E1D2821FC306A1006F6D7F /* Resources */,
			);
			buildRules = (
			);
			dependencies = (
			);
			name = HorizontallyAlignedViews;
			productName = HorizontallyAlignedViews;
			productReference = A9E1D2841FC306A1006F6D7F /* HorizontallyAlignedViews.app */;
			productType = "com.apple.product-type.application";
		};
/* End PBXNativeTarget section */

/* Begin PBXProject section */
		A9E1D27C1FC306A1006F6D7F /* Project object */ = {
			isa = PBXProject;
			attributes = {
				LastSwiftUpdateCheck = 0900;
				LastUpgradeCheck = 0900;
				ORGANIZATIONNAME = "Yuki Sumida";
				TargetAttributes = {
					A9E1D2831FC306A1006F6D7F = {
						CreatedOnToolsVersion = 9.0.1;
						ProvisioningStyle = Automatic;
					};
				};
			};
			buildConfigurationList = A9E1D27F1FC306A1006F6D7F /* Build configuration list for PBXProject "HorizontallyAlignedViews" */;
			compatibilityVersion = "Xcode 8.0";
			developmentRegion = en;
			hasScannedForEncodings = 0;
			knownRegions = (
				en,
				Base,
			);
			mainGroup = A9E1D27B1FC306A1006F6D7F;
			productRefGroup = A9E1D2851FC306A1006F6D7F /* Products */;
			projectDirPath = "";
			projectRoot = "";
			targets = (
				A9E1D2831FC306A1006F6D7F /* HorizontallyAlignedViews */,
			);
		};
/* End PBXProject section */

/* Begin PBXResourcesBuildPhase section */
		A9E1D2821FC306A1006F6D7F /* Resources */ = {
			isa = PBXResourcesBuildPhase;
			buildActionMask = 2147483647;
			files = (
				A9E1D2921FC306A1006F6D7F /* LaunchScreen.storyboard in Resources */,
				A9E1D28F1FC306A1006F6D7F /* Assets.xcassets in Resources */,
				A9E1D28D1FC306A1006F6D7F /* Main.storyboard in Resources */,
			);
			runOnlyForDeploymentPostprocessing = 0;
		};
/* End PBXResourcesBuildPhase section */

/* Begin PBXSourcesBuildPhase section */
		A9E1D2801FC306A1006F6D7F /* Sources */ = {
			isa = PBXSourcesBuildPhase;
			buildActionMask = 2147483647;
			files = (
				A9E1D28A1FC306A1006F6D7F /* ViewController.swift in Sources */,
				A9E1D2881FC306A1006F6D7F /* AppDelegate.swift in Sources */,
			);
			runOnlyForDeploymentPostprocessing = 0;
		};
/* End PBXSourcesBuildPhase section */

/* Begin PBXVariantGroup section */
		A9E1D28B1FC306A1006F6D7F /* Main.storyboard */ = {
			isa = PBXVariantGroup;
			children = (
				A9E1D28C1FC306A1006F6D7F /* Base */,
			);
			name = Main.storyboard;
			sourceTree = "<group>";
		};
		A9E1D2901FC306A1006F6D7F /* LaunchScreen.storyboard */ = {
			isa = PBXVariantGroup;
			children = (
				A9E1D2911FC306A1006F6D7F /* Base */,
			);
			name = LaunchScreen.storyboard;
			sourceTree = "<group>";
		};
/* End PBXVariantGroup section */

/* Begin XCBuildConfiguration section */
		A9E1D2941FC306A1006F6D7F /* Debug */ = {
			isa = XCBuildConfiguration;
			buildSettings = {
				ALWAYS_SEARCH_USER_PATHS = NO;
				CLANG_ANALYZER_NONNULL = YES;
				CLANG_ANALYZER_NUMBER_OBJECT_CONVERSION = YES_AGGRESSIVE;
				CLANG_CXX_LANGUAGE_STANDARD = "gnu++14";
				CLANG_CXX_LIBRARY = "libc++";
				CLANG_ENABLE_MODULES = YES;
				CLANG_ENABLE_OBJC_ARC = YES;
				CLANG_WARN_BLOCK_CAPTURE_AUTORELEASING = YES;
				CLANG_WARN_BOOL_CONVERSION = YES;
				CLANG_WARN_COMMA = YES;
				CLANG_WARN_CONSTANT_CONVERSION = YES;
				CLANG_WARN_DIRECT_OBJC_ISA_USAGE = YES_ERROR;
				CLANG_WARN_DOCUMENTATION_COMMENTS = YES;
				CLANG_WARN_EMPTY_BODY = YES;
				CLANG_WARN_ENUM_CONVERSION = YES;
				CLANG_WARN_INFINITE_RECURSION = YES;
				CLANG_WARN_INT_CONVERSION = YES;
				CLANG_WARN_NON_LITERAL_NULL_CONVERSION = YES;
				CLANG_WARN_OBJC_LITERAL_CONVERSION = YES;
				CLANG_WARN_OBJC_ROOT_CLASS = YES_ERROR;
				CLANG_WARN_RANGE_LOOP_ANALYSIS = YES;
				CLANG_WARN_STRICT_PROTOTYPES = YES;
				CLANG_WARN_SUSPICIOUS_MOVE = YES;
				CLANG_WARN_UNGUARDED_AVAILABILITY = YES_AGGRESSIVE;
				CLANG_WARN_UNREACHABLE_CODE = YES;
				CLANG_WARN__DUPLICATE_METHOD_MATCH = YES;
				CODE_SIGN_IDENTITY = "iPhone Developer";
				COPY_PHASE_STRIP = NO;
				DEBUG_INFORMATION_FORMAT = dwarf;
				ENABLE_STRICT_OBJC_MSGSEND = YES;
				ENABLE_TESTABILITY = YES;
				GCC_C_LANGUAGE_STANDARD = gnu11;
				GCC_DYNAMIC_NO_PIC = NO;
				GCC_NO_COMMON_BLOCKS = YES;
				GCC_OPTIMIZATION_LEVEL = 0;
				GCC_PREPROCESSOR_DEFINITIONS = (
					"DEBUG=1",
					"$(inherited)",
				);
				GCC_WARN_64_TO_32_BIT_CONVERSION = YES;
				GCC_WARN_ABOUT_RETURN_TYPE = YES_ERROR;
				GCC_WARN_UNDECLARED_SELECTOR = YES;
				GCC_WARN_UNINITIALIZED_AUTOS = YES_AGGRESSIVE;
				GCC_WARN_UNUSED_FUNCTION = YES;
				GCC_WARN_UNUSED_VARIABLE = YES;
				IPHONEOS_DEPLOYMENT_TARGET = 11.0;
				MTL_ENABLE_DEBUG_INFO = YES;
				ONLY_ACTIVE_ARCH = YES;
				SDKROOT = iphoneos;
				SWIFT_ACTIVE_COMPILATION_CONDITIONS = DEBUG;
				SWIFT_OPTIMIZATION_LEVEL = "-Onone";
			};
			name = Debug;
		};
		A9E1D2951FC306A1006F6D7F /* Release */ = {
			isa = XCBuildConfiguration;
			buildSettings = {
				ALWAYS_SEARCH_USER_PATHS = NO;
				CLANG_ANALYZER_NONNULL = YES;
				CLANG_ANALYZER_NUMBER_OBJECT_CONVERSION = YES_AGGRESSIVE;
				CLANG_CXX_LANGUAGE_STANDARD = "gnu++14";
				CLANG_CXX_LIBRARY = "libc++";
				CLANG_ENABLE_MODULES = YES;
				CLANG_ENABLE_OBJC_ARC = YES;
				CLANG_WARN_BLOCK_CAPTURE_AUTORELEASING = YES;
				CLANG_WARN_BOOL_CONVERSION = YES;
				CLANG_WARN_COMMA = YES;
				CLANG_WARN_CONSTANT_CONVERSION = YES;
				CLANG_WARN_DIRECT_OBJC_ISA_USAGE = YES_ERROR;
				CLANG_WARN_DOCUMENTATION_COMMENTS = YES;
				CLANG_WARN_EMPTY_BODY = YES;
				CLANG_WARN_ENUM_CONVERSION = YES;
				CLANG_WARN_INFINITE_RECURSION = YES;
				CLANG_WARN_INT_CONVERSION = YES;
				CLANG_WARN_NON_LITERAL_NULL_CONVERSION = YES;
				CLANG_WARN_OBJC_LITERAL_CONVERSION = YES;
				CLANG_WARN_OBJC_ROOT_CLASS = YES_ERROR;
				CLANG_WARN_RANGE_LOOP_ANALYSIS = YES;
				CLANG_WARN_STRICT_PROTOTYPES = YES;
				CLANG_WARN_SUSPICIOUS_MOVE = YES;
				CLANG_WARN_UNGUARDED_AVAILABILITY = YES_AGGRESSIVE;
				CLANG_WARN_UNREACHABLE_CODE = YES;
				CLANG_WARN__DUPLICATE_METHOD_MATCH = YES;
				CODE_SIGN_IDENTITY = "iPhone Developer";
				COPY_PHASE_STRIP = NO;
				DEBUG_INFORMATION_FORMAT = "dwarf-with-dsym";
				ENABLE_NS_ASSERTIONS = NO;
				ENABLE_STRICT_OBJC_MSGSEND = YES;
				GCC_C_LANGUAGE_STANDARD = gnu11;
				GCC_NO_COMMON_BLOCKS = YES;
				GCC_WARN_64_TO_32_BIT_CONVERSION = YES;
				GCC_WARN_ABOUT_RETURN_TYPE = YES_ERROR;
				GCC_WARN_UNDECLARED_SELECTOR = YES;
				GCC_WARN_UNINITIALIZED_AUTOS = YES_AGGRESSIVE;
				GCC_WARN_UNUSED_FUNCTION = YES;
				GCC_WARN_UNUSED_VARIABLE = YES;
				IPHONEOS_DEPLOYMENT_TARGET = 11.0;
				MTL_ENABLE_DEBUG_INFO = NO;
				SDKROOT = iphoneos;
				SWIFT_OPTIMIZATION_LEVEL = "-Owholemodule";
				VALIDATE_PRODUCT = YES;
			};
			name = Release;
		};
		A9E1D2971FC306A1006F6D7F /* Debug */ = {
			isa = XCBuildConfiguration;
			buildSettings = {
				ASSETCATALOG_COMPILER_APPICON_NAME = AppIcon;
				CODE_SIGN_STYLE = Automatic;
				INFOPLIST_FILE = HorizontallyAlignedViews/Info.plist;
				LD_RUNPATH_SEARCH_PATHS = "$(inherited) @executable_path/Frameworks";
				PRODUCT_BUNDLE_IDENTIFIER = sample.HorizontallyAlignedViews;
				PRODUCT_NAME = "$(TARGET_NAME)";
				SWIFT_VERSION = 4.0;
				TARGETED_DEVICE_FAMILY = "1,2";
			};
			name = Debug;
		};
		A9E1D2981FC306A1006F6D7F /* Release */ = {
			isa = XCBuildConfiguration;
			buildSettings = {
				ASSETCATALOG_COMPILER_APPICON_NAME = AppIcon;
				CODE_SIGN_STYLE = Automatic;
				INFOPLIST_FILE = HorizontallyAlignedViews/Info.plist;
				LD_RUNPATH_SEARCH_PATHS = "$(inherited) @executable_path/Frameworks";
				PRODUCT_BUNDLE_IDENTIFIER = sample.HorizontallyAlignedViews;
				PRODUCT_NAME = "$(TARGET_NAME)";
				SWIFT_VERSION = 4.0;
				TARGETED_DEVICE_FAMILY = "1,2";
			};
			name = Release;
		};
/* End XCBuildConfiguration section */

/* Begin XCConfigurationList section */
		A9E1D27F1FC306A1006F6D7F /* Build configuration list for PBXProject "HorizontallyAlignedViews" */ = {
			isa = XCConfigurationList;
			buildConfigurations = (
				A9E1D2941FC306A1006F6D7F /* Debug */,
				A9E1D2951FC306A1006F6D7F /* Release */,
			);
			defaultConfigurationIsVisible = 0;
			defaultConfigurationName = Release;
		};
		A9E1D2961FC306A1006F6D7F /* Build configuration list for PBXNativeTarget "HorizontallyAlignedViews" */ = {
			isa = XCConfigurationList;
			buildConfigurations = (
				A9E1D2971FC306A1006F6D7F /* Debug */,
				A9E1D2981FC306A1006F6D7F /* Release */,
			);
			defaultConfigurationIsVisible = 0;
			defaultConfigurationName = Release;
		};
/* End XCConfigurationList section */
	};
	rootObject = A9E1D27C1FC306A1006F6D7F /* Project object */;
}
